
Microsoft Visual Studio Solution File, Format Version 12.00
# Visual Studio 2012
Project("{FAE04EC0-301F-11D3-BF4B-00C04F79EFBC}") = "Skybrud.Integrations.Siteimprove", "Skybrud.Integrations.Siteimprove\Skybrud.Integrations.Siteimprove.csproj", "{81363EB2-9D7F-43EA-AA8A-6BA5984F4505}"
EndProject
Global
	GlobalSection(SolutionConfigurationPlatforms) = preSolution
		Debug|Any CPU = Debug|Any CPU
		Release|Any CPU = Release|Any CPU
	EndGlobalSection
	GlobalSection(ProjectConfigurationPlatforms) = postSolution
		{81363EB2-9D7F-43EA-AA8A-6BA5984F4505}.Debug|Any CPU.ActiveCfg = Debug|Any CPU
		{81363EB2-9D7F-43EA-AA8A-6BA5984F4505}.Debug|Any CPU.Build.0 = Debug|Any CPU
		{81363EB2-9D7F-43EA-AA8A-6BA5984F4505}.Release|Any CPU.ActiveCfg = Release|Any CPU
		{81363EB2-9D7F-43EA-AA8A-6BA5984F4505}.Release|Any CPU.Build.0 = Release|Any CPU
	EndGlobalSection
	GlobalSection(SolutionProperties) = preSolution
		HideSolutionNode = FALSE
	EndGlobalSection
EndGlobal
